{
  "name": "type-treat-2021",
  "version": "1.0.0",
  "lockfileVersion": 2,
  "requires": true,
  "packages": {
    "": {
      "name": "type-treat-2021",
      "version": "1.0.0",
      "license": "MIT",
      "dependencies": {
        "type-or-treat": "^1.0.6"
      }
    },
    "node_modules/type-or-treat": {
      "version": "1.0.6",
      "resolved": "https://registry.npmjs.org/type-or-treat/-/type-or-treat-1.0.6.tgz",
      "integrity": "sha512-HIbzm3XnPx5UAGxBMBiLR9+hQumFFe1FcUXb4Qz2yPeWTbSVx4T6VzQ98S0MT2fUdQEkpzgn51h2JTsOw7jl2w=="
    }
  },
  "dependencies": {
    "type-or-treat": {
      "version": "1.0.6",
      "resolved": "https://registry.npmjs.org/type-or-treat/-/type-or-treat-1.0.6.tgz",
      "integrity": "sha512-HIbzm3XnPx5UAGxBMBiLR9+hQumFFe1FcUXb4Qz2yPeWTbSVx4T6VzQ98S0MT2fUdQEkpzgn51h2JTsOw7jl2w=="
    }
  }
}
